
Microsoft Visual Studio Solution File, Format Version 12.00
Project("{FAE04EC0-301F-11D3-BF4B-00C04F79EFBC}") = "TryingStuff", "TryingStuff\TryingStuff.csproj", "{13C2FF74-C079-410B-93D8-93D65712F8EE}"
EndProject
Global
	GlobalSection(SolutionConfigurationPlatforms) = preSolution
		Debug|Any CPU = Debug|Any CPU
		Release|Any CPU = Release|Any CPU
	EndGlobalSection
	GlobalSection(ProjectConfigurationPlatforms) = postSolution
		{13C2FF74-C079-410B-93D8-93D65712F8EE}.Debug|Any CPU.ActiveCfg = Debug|Any CPU
		{13C2FF74-C079-410B-93D8-93D65712F8EE}.Debug|Any CPU.Build.0 = Debug|Any CPU
		{13C2FF74-C079-410B-93D8-93D65712F8EE}.Release|Any CPU.ActiveCfg = Release|Any CPU
		{13C2FF74-C079-410B-93D8-93D65712F8EE}.Release|Any CPU.Build.0 = Release|Any CPU
	EndGlobalSection
EndGlobal
